// !$*UTF8*$!
{
	archiveVersion = 1;
	classes = {
	};
	objectVersion = 50;
	objects = {

/* Begin PBXBuildFile section */
		439DD22E2227C36700E555BC /* AppDelegate.swift in Sources */ = {isa = PBXBuildFile; fileRef = 439DD22D2227C36700E555BC /* AppDelegate.swift */; };
		439DD2302227C36700E555BC /* ViewController.swift in Sources */ = {isa = PBXBuildFile; fileRef = 439DD22F2227C36700E555BC /* ViewController.swift */; };
		439DD2332227C36700E555BC /* Main.storyboard in Resources */ = {isa = PBXBuildFile; fileRef = 439DD2312227C36700E555BC /* Main.storyboard */; };
		439DD2352227C36B00E555BC /* Assets.xcassets in Resources */ = {isa = PBXBuildFile; fileRef = 439DD2342227C36B00E555BC /* Assets.xcassets */; };
		439DD2382227C36B00E555BC /* LaunchScreen.storyboard in Resources */ = {isa = PBXBuildFile; fileRef = 439DD2362227C36B00E555BC /* LaunchScreen.storyboard */; };
		439DD25D2227C84100E555BC /* PlayerMarkModel.swift in Sources */ = {isa = PBXBuildFile; fileRef = 439DD25C2227C84100E555BC /* PlayerMarkModel.swift */; };
		439DD25F2227C8A500E555BC /* GameModel.swift in Sources */ = {isa = PBXBuildFile; fileRef = 439DD25E2227C8A500E555BC /* GameModel.swift */; };
		439DD2622227CA2300E555BC /* GameModelTests.swift in Sources */ = {isa = PBXBuildFile; fileRef = 439DD2612227CA2300E555BC /* GameModelTests.swift */; };
		439DD2642227CDD700E555BC /* GameResultModel.swift in Sources */ = {isa = PBXBuildFile; fileRef = 439DD2632227CDD700E555BC /* GameResultModel.swift */; };
/* End PBXBuildFile section */

/* Begin PBXContainerItemProxy section */
		439DD23F2227C36C00E555BC /* PBXContainerItemProxy */ = {
			isa = PBXContainerItemProxy;
			containerPortal = 439DD2222227C36700E555BC /* Project object */;
			proxyType = 1;
			remoteGlobalIDString = 439DD2292227C36700E555BC;
			remoteInfo = TicTacToe;
		};
/* End PBXContainerItemProxy section */

/* Begin PBXFileReference section */
		439DD22A2227C36700E555BC /* TicTacToe.app */ = {isa = PBXFileReference; explicitFileType = wrapper.application; includeInIndex = 0; path = TicTacToe.app; sourceTree = BUILT_PRODUCTS_DIR; };
		439DD22D2227C36700E555BC /* AppDelegate.swift */ = {isa = PBXFileReference; lastKnownFileType = sourcecode.swift; path = AppDelegate.swift; sourceTree = "<group>"; };
		439DD22F2227C36700E555BC /* ViewController.swift */ = {isa = PBXFileReference; lastKnownFileType = sourcecode.swift; path = ViewController.swift; sourceTree = "<group>"; };
		439DD2322227C36700E555BC /* Base */ = {isa = PBXFileReference; lastKnownFileType = file.storyboard; name = Base; path = Base.lproj/Main.storyboard; sourceTree = "<group>"; };
		439DD2342227C36B00E555BC /* Assets.xcassets */ = {isa = PBXFileReference; lastKnownFileType = folder.assetcatalog; path = Assets.xcassets; sourceTree = "<group>"; };
		439DD2372227C36B00E555BC /* Base */ = {isa = PBXFileReference; lastKnownFileType = file.storyboard; name = Base; path = Base.lproj/LaunchScreen.storyboard; sourceTree = "<group>"; };
		439DD2392227C36B00E555BC /* Info.plist */ = {isa = PBXFileReference; lastKnownFileType = text.plist.xml; path = Info.plist; sourceTree = "<group>"; };
		439DD23E2227C36C00E555BC /* TicTacToeTests.xctest */ = {isa = PBXFileReference; explicitFileType = wrapper.cfbundle; includeInIndex = 0; path = TicTacToeTests.xctest; sourceTree = BUILT_PRODUCTS_DIR; };
		439DD2442227C36C00E555BC /* Info.plist */ = {isa = PBXFileReference; lastKnownFileType = text.plist.xml; path = Info.plist; sourceTree = "<group>"; };
		439DD25C2227C84100E555BC /* PlayerMarkModel.swift */ = {isa = PBXFileReference; lastKnownFileType = sourcecode.swift; path = PlayerMarkModel.swift; sourceTree = "<group>"; };
		439DD25E2227C8A500E555BC /* GameModel.swift */ = {isa = PBXFileReference; lastKnownFileType = sourcecode.swift; path = GameModel.swift; sourceTree = "<group>"; };
		439DD2612227CA2300E555BC /* GameModelTests.swift */ = {isa = PBXFileReference; lastKnownFileType = sourcecode.swift; path = GameModelTests.swift; sourceTree = "<group>"; };
		439DD2632227CDD700E555BC /* GameResultModel.swift */ = {isa = PBXFileReference; lastKnownFileType = sourcecode.swift; path = GameResultModel.swift; sourceTree = "<group>"; };
/* End PBXFileReference section */

/* Begin PBXFrameworksBuildPhase section */
		439DD2272227C36700E555BC /* Frameworks */ = {
			isa = PBXFrameworksBuildPhase;
			buildActionMask = 2147483647;
			files = (
			);
			runOnlyForDeploymentPostprocessing = 0;
		};
		439DD23B2227C36C00E555BC /* Frameworks */ = {
			isa = PBXFrameworksBuildPhase;
			buildActionMask = 2147483647;
			files = (
			);
			runOnlyForDeploymentPostprocessing = 0;
		};
/* End PBXFrameworksBuildPhase section */

/* Begin PBXGroup section */
		439DD2212227C36700E555BC = {
			isa = PBXGroup;
			children = (
				439DD22C2227C36700E555BC /* TicTacToe */,
				439DD2412227C36C00E555BC /* TicTacToeTests */,
				439DD22B2227C36700E555BC /* Products */,
			);
			sourceTree = "<group>";
		};
		439DD22B2227C36700E555BC /* Products */ = {
			isa = PBXGroup;
			children = (
				439DD22A2227C36700E555BC /* TicTacToe.app */,
				439DD23E2227C36C00E555BC /* TicTacToeTests.xctest */,
			);
			name = Products;
			sourceTree = "<group>";
		};
		439DD22C2227C36700E555BC /* TicTacToe */ = {
			isa = PBXGroup;
			children = (
				439DD2522227C4F600E555BC /* Classes */,
				439DD24F2227C4B500E555BC /* Resources */,
			);
			path = TicTacToe;
			sourceTree = "<group>";
		};
		439DD2412227C36C00E555BC /* TicTacToeTests */ = {
			isa = PBXGroup;
			children = (
				439DD25A2227C55C00E555BC /* Tests */,
				439DD2582227C54D00E555BC /* Resources */,
			);
			path = TicTacToeTests;
			sourceTree = "<group>";
		};
		439DD24F2227C4B500E555BC /* Resources */ = {
			isa = PBXGroup;
			children = (
				439DD2512227C4C600E555BC /* Info */,
				439DD2502227C4BD00E555BC /* Assets */,
			);
			path = Resources;
			sourceTree = "<group>";
		};
		439DD2502227C4BD00E555BC /* Assets */ = {
			isa = PBXGroup;
			children = (
				439DD2342227C36B00E555BC /* Assets.xcassets */,
			);
			path = Assets;
			sourceTree = "<group>";
		};
		439DD2512227C4C600E555BC /* Info */ = {
			isa = PBXGroup;
			children = (
				439DD2392227C36B00E555BC /* Info.plist */,
			);
			path = Info;
			sourceTree = "<group>";
		};
		439DD2522227C4F600E555BC /* Classes */ = {
			isa = PBXGroup;
			children = (
				439DD2572227C52700E555BC /* Application */,
				439DD2532227C4FB00E555BC /* GUI */,
				439DD25B2227C81D00E555BC /* Model */,
			);
			path = Classes;
			sourceTree = "<group>";
		};
		439DD2532227C4FB00E555BC /* GUI */ = {
			isa = PBXGroup;
			children = (
				439DD2542227C50100E555BC /* Game */,
				439DD2562227C51200E555BC /* Storyboards */,
			);
			path = GUI;
			sourceTree = "<group>";
		};
		439DD2542227C50100E555BC /* Game */ = {
			isa = PBXGroup;
			children = (
				439DD2662227D9D900E555BC /* ViewModel */,
				439DD2552227C50A00E555BC /* Views */,
				439DD2652227D9C700E555BC /* Model */,
			);
			path = Game;
			sourceTree = "<group>";
		};
		439DD2552227C50A00E555BC /* Views */ = {
			isa = PBXGroup;
			children = (
				439DD22F2227C36700E555BC /* ViewController.swift */,
			);
			path = Views;
			sourceTree = "<group>";
		};
		439DD2562227C51200E555BC /* Storyboards */ = {
			isa = PBXGroup;
			children = (
				439DD2312227C36700E555BC /* Main.storyboard */,
				439DD2362227C36B00E555BC /* LaunchScreen.storyboard */,
			);
			path = Storyboards;
			sourceTree = "<group>";
		};
		439DD2572227C52700E555BC /* Application */ = {
			isa = PBXGroup;
			children = (
				439DD22D2227C36700E555BC /* AppDelegate.swift */,
			);
			path = Application;
			sourceTree = "<group>";
		};
		439DD2582227C54D00E555BC /* Resources */ = {
			isa = PBXGroup;
			children = (
				439DD2592227C55400E555BC /* Info */,
			);
			path = Resources;
			sourceTree = "<group>";
		};
		439DD2592227C55400E555BC /* Info */ = {
			isa = PBXGroup;
			children = (
				439DD2442227C36C00E555BC /* Info.plist */,
			);
			path = Info;
			sourceTree = "<group>";
		};
		439DD25A2227C55C00E555BC /* Tests */ = {
			isa = PBXGroup;
			children = (
				439DD2602227CA0500E555BC /* Model */,
			);
			path = Tests;
			sourceTree = "<group>";
		};
		439DD25B2227C81D00E555BC /* Model */ = {
			isa = PBXGroup;
			children = (
				439DD25C2227C84100E555BC /* PlayerMarkModel.swift */,
				439DD2632227CDD700E555BC /* GameResultModel.swift */,
				439DD25E2227C8A500E555BC /* GameModel.swift */,
			);
			path = Model;
			sourceTree = "<group>";
		};
		439DD2602227CA0500E555BC /* Model */ = {
			isa = PBXGroup;
			children = (
				439DD2612227CA2300E555BC /* GameModelTests.swift */,
			);
			path = Model;
			sourceTree = "<group>";
		};
		439DD2652227D9C700E555BC /* Model */ = {
			isa = PBXGroup;
			children = (
			);
			path = Model;
			sourceTree = "<group>";
		};
		439DD2662227D9D900E555BC /* ViewModel */ = {
			isa = PBXGroup;
			children = (
			);
			path = ViewModel;
			sourceTree = "<group>";
		};
/* End PBXGroup section */

/* Begin PBXNativeTarget section */
		439DD2292227C36700E555BC /* TicTacToe */ = {
			isa = PBXNativeTarget;
			buildConfigurationList = 439DD2472227C36C00E555BC /* Build configuration list for PBXNativeTarget "TicTacToe" */;
			buildPhases = (
				439DD2262227C36700E555BC /* Sources */,
				439DD2272227C36700E555BC /* Frameworks */,
				439DD2282227C36700E555BC /* Resources */,
			);
			buildRules = (
			);
			dependencies = (
			);
			name = TicTacToe;
			productName = TicTacToe;
			productReference = 439DD22A2227C36700E555BC /* TicTacToe.app */;
			productType = "com.apple.product-type.application";
		};
		439DD23D2227C36C00E555BC /* TicTacToeTests */ = {
			isa = PBXNativeTarget;
			buildConfigurationList = 439DD24A2227C36C00E555BC /* Build configuration list for PBXNativeTarget "TicTacToeTests" */;
			buildPhases = (
				439DD23A2227C36C00E555BC /* Sources */,
				439DD23B2227C36C00E555BC /* Frameworks */,
				439DD23C2227C36C00E555BC /* Resources */,
			);
			buildRules = (
			);
			dependencies = (
				439DD2402227C36C00E555BC /* PBXTargetDependency */,
			);
			name = TicTacToeTests;
			productName = TicTacToeTests;
			productReference = 439DD23E2227C36C00E555BC /* TicTacToeTests.xctest */;
			productType = "com.apple.product-type.bundle.unit-test";
		};
/* End PBXNativeTarget section */

/* Begin PBXProject section */
		439DD2222227C36700E555BC /* Project object */ = {
			isa = PBXProject;
			attributes = {
				LastSwiftUpdateCheck = 1010;
				LastUpgradeCheck = 1010;
				ORGANIZATIONNAME = 2019_DEV_114;
				TargetAttributes = {
					439DD2292227C36700E555BC = {
						CreatedOnToolsVersion = 10.1;
					};
					439DD23D2227C36C00E555BC = {
						CreatedOnToolsVersion = 10.1;
						LastSwiftMigration = 1010;
						TestTargetID = 439DD2292227C36700E555BC;
					};
				};
			};
			buildConfigurationList = 439DD2252227C36700E555BC /* Build configuration list for PBXProject "TicTacToe" */;
			compatibilityVersion = "Xcode 9.3";
			developmentRegion = en;
			hasScannedForEncodings = 0;
			knownRegions = (
				en,
				Base,
			);
			mainGroup = 439DD2212227C36700E555BC;
			productRefGroup = 439DD22B2227C36700E555BC /* Products */;
			projectDirPath = "";
			projectRoot = "";
			targets = (
				439DD2292227C36700E555BC /* TicTacToe */,
				439DD23D2227C36C00E555BC /* TicTacToeTests */,
			);
		};
/* End PBXProject section */

/* Begin PBXResourcesBuildPhase section */
		439DD2282227C36700E555BC /* Resources */ = {
			isa = PBXResourcesBuildPhase;
			buildActionMask = 2147483647;
			files = (
				439DD2382227C36B00E555BC /* LaunchScreen.storyboard in Resources */,
				439DD2352227C36B00E555BC /* Assets.xcassets in Resources */,
				439DD2332227C36700E555BC /* Main.storyboard in Resources */,
			);
			runOnlyForDeploymentPostprocessing = 0;
		};
		439DD23C2227C36C00E555BC /* Resources */ = {
			isa = PBXResourcesBuildPhase;
			buildActionMask = 2147483647;
			files = (
			);
			runOnlyForDeploymentPostprocessing = 0;
		};
/* End PBXResourcesBuildPhase section */

/* Begin PBXSourcesBuildPhase section */
		439DD2262227C36700E555BC /* Sources */ = {
			isa = PBXSourcesBuildPhase;
			buildActionMask = 2147483647;
			files = (
				439DD25D2227C84100E555BC /* PlayerMarkModel.swift in Sources */,
				439DD25F2227C8A500E555BC /* GameModel.swift in Sources */,
				439DD2302227C36700E555BC /* ViewController.swift in Sources */,
				439DD22E2227C36700E555BC /* AppDelegate.swift in Sources */,
				439DD2642227CDD700E555BC /* GameResultModel.swift in Sources */,
			);
			runOnlyForDeploymentPostprocessing = 0;
		};
		439DD23A2227C36C00E555BC /* Sources */ = {
			isa = PBXSourcesBuildPhase;
			buildActionMask = 2147483647;
			files = (
				439DD2622227CA2300E555BC /* GameModelTests.swift in Sources */,
			);
			runOnlyForDeploymentPostprocessing = 0;
		};
/* End PBXSourcesBuildPhase section */

/* Begin PBXTargetDependency section */
		439DD2402227C36C00E555BC /* PBXTargetDependency */ = {
			isa = PBXTargetDependency;
			target = 439DD2292227C36700E555BC /* TicTacToe */;
			targetProxy = 439DD23F2227C36C00E555BC /* PBXContainerItemProxy */;
		};
/* End PBXTargetDependency section */

/* Begin PBXVariantGroup section */
		439DD2312227C36700E555BC /* Main.storyboard */ = {
			isa = PBXVariantGroup;
			children = (
				439DD2322227C36700E555BC /* Base */,
			);
			name = Main.storyboard;
			sourceTree = "<group>";
		};
		439DD2362227C36B00E555BC /* LaunchScreen.storyboard */ = {
			isa = PBXVariantGroup;
			children = (
				439DD2372227C36B00E555BC /* Base */,
			);
			name = LaunchScreen.storyboard;
			sourceTree = "<group>";
		};
/* End PBXVariantGroup section */

/* Begin XCBuildConfiguration section */
		439DD2452227C36C00E555BC /* Debug */ = {
			isa = XCBuildConfiguration;
			buildSettings = {
				ALWAYS_SEARCH_USER_PATHS = NO;
				CLANG_ANALYZER_NONNULL = YES;
				CLANG_ANALYZER_NUMBER_OBJECT_CONVERSION = YES_AGGRESSIVE;
				CLANG_CXX_LANGUAGE_STANDARD = "gnu++14";
				CLANG_CXX_LIBRARY = "libc++";
				CLANG_ENABLE_MODULES = YES;
				CLANG_ENABLE_OBJC_ARC = YES;
				CLANG_ENABLE_OBJC_WEAK = YES;
				CLANG_WARN_BLOCK_CAPTURE_AUTORELEASING = YES;
				CLANG_WARN_BOOL_CONVERSION = YES;
				CLANG_WARN_COMMA = YES;
				CLANG_WARN_CONSTANT_CONVERSION = YES;
				CLANG_WARN_DEPRECATED_OBJC_IMPLEMENTATIONS = YES;
				CLANG_WARN_DIRECT_OBJC_ISA_USAGE = YES_ERROR;
				CLANG_WARN_DOCUMENTATION_COMMENTS = YES;
				CLANG_WARN_EMPTY_BODY = YES;
				CLANG_WARN_ENUM_CONVERSION = YES;
				CLANG_WARN_INFINITE_RECURSION = YES;
				CLANG_WARN_INT_CONVERSION = YES;
				CLANG_WARN_NON_LITERAL_NULL_CONVERSION = YES;
				CLANG_WARN_OBJC_IMPLICIT_RETAIN_SELF = YES;
				CLANG_WARN_OBJC_LITERAL_CONVERSION = YES;
				CLANG_WARN_OBJC_ROOT_CLASS = YES_ERROR;
				CLANG_WARN_RANGE_LOOP_ANALYSIS = YES;
				CLANG_WARN_STRICT_PROTOTYPES = YES;
				CLANG_WARN_SUSPICIOUS_MOVE = YES;
				CLANG_WARN_UNGUARDED_AVAILABILITY = YES_AGGRESSIVE;
				CLANG_WARN_UNREACHABLE_CODE = YES;
				CLANG_WARN__DUPLICATE_METHOD_MATCH = YES;
				CODE_SIGN_IDENTITY = "iPhone Developer";
				COPY_PHASE_STRIP = NO;
				DEBUG_INFORMATION_FORMAT = dwarf;
				ENABLE_STRICT_OBJC_MSGSEND = YES;
				ENABLE_TESTABILITY = YES;
				GCC_C_LANGUAGE_STANDARD = gnu11;
				GCC_DYNAMIC_NO_PIC = NO;
				GCC_NO_COMMON_BLOCKS = YES;
				GCC_OPTIMIZATION_LEVEL = 0;
				GCC_PREPROCESSOR_DEFINITIONS = (
					"DEBUG=1",
					"$(inherited)",
				);
				GCC_WARN_64_TO_32_BIT_CONVERSION = YES;
				GCC_WARN_ABOUT_RETURN_TYPE = YES_ERROR;
				GCC_WARN_UNDECLARED_SELECTOR = YES;
				GCC_WARN_UNINITIALIZED_AUTOS = YES_AGGRESSIVE;
				GCC_WARN_UNUSED_FUNCTION = YES;
				GCC_WARN_UNUSED_VARIABLE = YES;
				IPHONEOS_DEPLOYMENT_TARGET = 12.1;
				MTL_ENABLE_DEBUG_INFO = INCLUDE_SOURCE;
				MTL_FAST_MATH = YES;
				ONLY_ACTIVE_ARCH = YES;
				SDKROOT = iphoneos;
				SWIFT_ACTIVE_COMPILATION_CONDITIONS = DEBUG;
				SWIFT_OPTIMIZATION_LEVEL = "-Onone";
			};
			name = Debug;
		};
		439DD2462227C36C00E555BC /* Release */ = {
			isa = XCBuildConfiguration;
			buildSettings = {
				ALWAYS_SEARCH_USER_PATHS = NO;
				CLANG_ANALYZER_NONNULL = YES;
				CLANG_ANALYZER_NUMBER_OBJECT_CONVERSION = YES_AGGRESSIVE;
				CLANG_CXX_LANGUAGE_STANDARD = "gnu++14";
				CLANG_CXX_LIBRARY = "libc++";
				CLANG_ENABLE_MODULES = YES;
				CLANG_ENABLE_OBJC_ARC = YES;
				CLANG_ENABLE_OBJC_WEAK = YES;
				CLANG_WARN_BLOCK_CAPTURE_AUTORELEASING = YES;
				CLANG_WARN_BOOL_CONVERSION = YES;
				CLANG_WARN_COMMA = YES;
				CLANG_WARN_CONSTANT_CONVERSION = YES;
				CLANG_WARN_DEPRECATED_OBJC_IMPLEMENTATIONS = YES;
				CLANG_WARN_DIRECT_OBJC_ISA_USAGE = YES_ERROR;
				CLANG_WARN_DOCUMENTATION_COMMENTS = YES;
				CLANG_WARN_EMPTY_BODY = YES;
				CLANG_WARN_ENUM_CONVERSION = YES;
				CLANG_WARN_INFINITE_RECURSION = YES;
				CLANG_WARN_INT_CONVERSION = YES;
				CLANG_WARN_NON_LITERAL_NULL_CONVERSION = YES;
				CLANG_WARN_OBJC_IMPLICIT_RETAIN_SELF = YES;
				CLANG_WARN_OBJC_LITERAL_CONVERSION = YES;
				CLANG_WARN_OBJC_ROOT_CLASS = YES_ERROR;
				CLANG_WARN_RANGE_LOOP_ANALYSIS = YES;
				CLANG_WARN_STRICT_PROTOTYPES = YES;
				CLANG_WARN_SUSPICIOUS_MOVE = YES;
				CLANG_WARN_UNGUARDED_AVAILABILITY = YES_AGGRESSIVE;
				CLANG_WARN_UNREACHABLE_CODE = YES;
				CLANG_WARN__DUPLICATE_METHOD_MATCH = YES;
				CODE_SIGN_IDENTITY = "iPhone Developer";
				COPY_PHASE_STRIP = NO;
				DEBUG_INFORMATION_FORMAT = "dwarf-with-dsym";
				ENABLE_NS_ASSERTIONS = NO;
				ENABLE_STRICT_OBJC_MSGSEND = YES;
				GCC_C_LANGUAGE_STANDARD = gnu11;
				GCC_NO_COMMON_BLOCKS = YES;
				GCC_WARN_64_TO_32_BIT_CONVERSION = YES;
				GCC_WARN_ABOUT_RETURN_TYPE = YES_ERROR;
				GCC_WARN_UNDECLARED_SELECTOR = YES;
				GCC_WARN_UNINITIALIZED_AUTOS = YES_AGGRESSIVE;
				GCC_WARN_UNUSED_FUNCTION = YES;
				GCC_WARN_UNUSED_VARIABLE = YES;
				IPHONEOS_DEPLOYMENT_TARGET = 12.1;
				MTL_ENABLE_DEBUG_INFO = NO;
				MTL_FAST_MATH = YES;
				SDKROOT = iphoneos;
				SWIFT_COMPILATION_MODE = wholemodule;
				SWIFT_OPTIMIZATION_LEVEL = "-O";
				VALIDATE_PRODUCT = YES;
			};
			name = Release;
		};
		439DD2482227C36C00E555BC /* Debug */ = {
			isa = XCBuildConfiguration;
			buildSettings = {
				ASSETCATALOG_COMPILER_APPICON_NAME = AppIcon;
				CODE_SIGN_STYLE = Automatic;
				INFOPLIST_FILE = TicTacToe/Resources/Info/Info.plist;
				IPHONEOS_DEPLOYMENT_TARGET = 12.0;
				LD_RUNPATH_SEARCH_PATHS = (
					"$(inherited)",
					"@executable_path/Frameworks",
				);
				PRODUCT_BUNDLE_IDENTIFIER = com.2019DEV114.TicTacToe;
				PRODUCT_NAME = "$(TARGET_NAME)";
				SWIFT_VERSION = 4.2;
				TARGETED_DEVICE_FAMILY = 1;
			};
			name = Debug;
		};
		439DD2492227C36C00E555BC /* Release */ = {
			isa = XCBuildConfiguration;
			buildSettings = {
				ASSETCATALOG_COMPILER_APPICON_NAME = AppIcon;
				CODE_SIGN_STYLE = Automatic;
				INFOPLIST_FILE = TicTacToe/Resources/Info/Info.plist;
				IPHONEOS_DEPLOYMENT_TARGET = 12.0;
				LD_RUNPATH_SEARCH_PATHS = (
					"$(inherited)",
					"@executable_path/Frameworks",
				);
				PRODUCT_BUNDLE_IDENTIFIER = com.2019DEV114.TicTacToe;
				PRODUCT_NAME = "$(TARGET_NAME)";
				SWIFT_VERSION = 4.2;
				TARGETED_DEVICE_FAMILY = 1;
			};
			name = Release;
		};
		439DD24B2227C36C00E555BC /* Debug */ = {
			isa = XCBuildConfiguration;
			buildSettings = {
				ALWAYS_EMBED_SWIFT_STANDARD_LIBRARIES = YES;
				BUNDLE_LOADER = "$(TEST_HOST)";
				CLANG_ENABLE_MODULES = YES;
				CODE_SIGN_STYLE = Automatic;
				INFOPLIST_FILE = TicTacToeTests/Resources/Info/Info.plist;
				LD_RUNPATH_SEARCH_PATHS = (
					"$(inherited)",
					"@executable_path/Frameworks",
					"@loader_path/Frameworks",
				);
				PRODUCT_BUNDLE_IDENTIFIER = com.2019DEV114.TicTacToeTests;
				PRODUCT_NAME = "$(TARGET_NAME)";
				SWIFT_OPTIMIZATION_LEVEL = "-Onone";
				SWIFT_VERSION = 4.2;
				TARGETED_DEVICE_FAMILY = "1,2";
				TEST_HOST = "$(BUILT_PRODUCTS_DIR)/TicTacToe.app/TicTacToe";
			};
			name = Debug;
		};
		439DD24C2227C36C00E555BC /* Release */ = {
			isa = XCBuildConfiguration;
			buildSettings = {
				ALWAYS_EMBED_SWIFT_STANDARD_LIBRARIES = YES;
				BUNDLE_LOADER = "$(TEST_HOST)";
				CLANG_ENABLE_MODULES = YES;
				CODE_SIGN_STYLE = Automatic;
				INFOPLIST_FILE = TicTacToeTests/Resources/Info/Info.plist;
				LD_RUNPATH_SEARCH_PATHS = (
					"$(inherited)",
					"@executable_path/Frameworks",
					"@loader_path/Frameworks",
				);
				PRODUCT_BUNDLE_IDENTIFIER = com.2019DEV114.TicTacToeTests;
				PRODUCT_NAME = "$(TARGET_NAME)";
				SWIFT_VERSION = 4.2;
				TARGETED_DEVICE_FAMILY = "1,2";
				TEST_HOST = "$(BUILT_PRODUCTS_DIR)/TicTacToe.app/TicTacToe";
			};
			name = Release;
		};
/* End XCBuildConfiguration section */

/* Begin XCConfigurationList section */
		439DD2252227C36700E555BC /* Build configuration list for PBXProject "TicTacToe" */ = {
			isa = XCConfigurationList;
			buildConfigurations = (
				439DD2452227C36C00E555BC /* Debug */,
				439DD2462227C36C00E555BC /* Release */,
			);
			defaultConfigurationIsVisible = 0;
			defaultConfigurationName = Release;
		};
		439DD2472227C36C00E555BC /* Build configuration list for PBXNativeTarget "TicTacToe" */ = {
			isa = XCConfigurationList;
			buildConfigurations = (
				439DD2482227C36C00E555BC /* Debug */,
				439DD2492227C36C00E555BC /* Release */,
			);
			defaultConfigurationIsVisible = 0;
			defaultConfigurationName = Release;
		};
		439DD24A2227C36C00E555BC /* Build configuration list for PBXNativeTarget "TicTacToeTests" */ = {
			isa = XCConfigurationList;
			buildConfigurations = (
				439DD24B2227C36C00E555BC /* Debug */,
				439DD24C2227C36C00E555BC /* Release */,
			);
			defaultConfigurationIsVisible = 0;
			defaultConfigurationName = Release;
		};
/* End XCConfigurationList section */
	};
	rootObject = 439DD2222227C36700E555BC /* Project object */;
}
